version: 5
environments:
  default:
    channels:
    - url: https://conda.anaconda.org/conda-forge/
    packages:
      win-64:
      - conda: https://conda.anaconda.org/conda-forge/win-64/bzip2-1.0.8-h2466b09_7.conda
      - conda: https://conda.anaconda.org/conda-forge/noarch/ca-certificates-2025.1.31-h4c7d964_1.conda
      - conda: https://conda.anaconda.org/conda-forge/win-64/dart-sass-1.58.3-h57928b3_1.conda
      - conda: https://conda.anaconda.org/conda-forge/win-64/deno-1.46.3-h8d7d278_0.conda
      - conda: https://conda.anaconda.org/conda-forge/win-64/deno-dom-0.1.41-h1a6af48_0.conda
      - conda: https://conda.anaconda.org/conda-forge/win-64/esbuild-0.25.3-h57928b3_0.conda
      - conda: https://conda.anaconda.org/conda-forge/win-64/libexpat-2.7.0-he0c23c2_0.conda
      - conda: https://conda.anaconda.org/conda-forge/win-64/libffi-3.4.6-h537db12_1.conda
      - conda: https://conda.anaconda.org/conda-forge/win-64/liblzma-5.8.1-h2466b09_0.conda
      - conda: https://conda.anaconda.org/conda-forge/win-64/libsqlite-3.49.1-h67fdade_2.conda
      - conda: https://conda.anaconda.org/conda-forge/win-64/libzlib-1.3.1-h2466b09_2.conda
      - conda: https://conda.anaconda.org/conda-forge/win-64/openssl-3.5.0-ha4e3fda_0.conda
      - conda: https://conda.anaconda.org/conda-forge/win-64/pandoc-3.4-h57928b3_0.conda
      - conda: https://conda.anaconda.org/conda-forge/noarch/pip-25.0.1-pyh8b19718_0.conda
      - conda: https://conda.anaconda.org/conda-forge/win-64/python-3.11.12-h3f84c4b_0_cpython.conda
      - conda: https://conda.anaconda.org/conda-forge/win-64/quarto-1.6.43-h57928b3_0.conda
      - conda: https://conda.anaconda.org/conda-forge/noarch/setuptools-79.0.1-pyhff2d567_0.conda
      - conda: https://conda.anaconda.org/conda-forge/win-64/tk-8.6.13-h5226925_1.conda
      - conda: https://conda.anaconda.org/conda-forge/win-64/typst-0.11.0-h975169c_0.conda
      - conda: https://conda.anaconda.org/conda-forge/noarch/tzdata-2025b-h78e105d_0.conda
      - conda: https://conda.anaconda.org/conda-forge/win-64/ucrt-10.0.22621.0-h57928b3_1.conda
      - conda: https://conda.anaconda.org/conda-forge/win-64/uv-0.6.16-ha08ef0e_0.conda
      - conda: https://conda.anaconda.org/conda-forge/win-64/vc-14.3-h2b53caa_26.conda
      - conda: https://conda.anaconda.org/conda-forge/win-64/vc14_runtime-14.42.34438-hfd919c2_26.conda
      - conda: https://conda.anaconda.org/conda-forge/noarch/wheel-0.45.1-pyhd8ed1ab_1.conda
packages:
- kind: conda
  name: bzip2
  version: 1.0.8
  build: h2466b09_7
  build_number: 7
  subdir: win-64
  url: https://conda.anaconda.org/conda-forge/win-64/bzip2-1.0.8-h2466b09_7.conda
  sha256: 35a5dad92e88fdd7fc405e864ec239486f4f31eec229e31686e61a140a8e573b
  md5: 276e7ffe9ffe39688abc665ef0f45596
  depends:
  - ucrt >=10.0.20348.0
  - vc >=14.2,<15
  - vc14_runtime >=14.29.30139
  license: bzip2-1.0.6
  license_family: BSD
  size: 54927
  timestamp: 1720974860185
- kind: conda
  name: ca-certificates
  version: 2025.1.31
  build: h4c7d964_1
  build_number: 1
  subdir: noarch
  noarch: generic
  url: https://conda.anaconda.org/conda-forge/noarch/ca-certificates-2025.1.31-h4c7d964_1.conda
  sha256: d6326613de7aea644f4c3b5fadd87d7b19714fe2ba31c9e2d2cdd65830f95cd4
  md5: fb8af741d752521fb48b8d116c9b044e
  depends:
  - __win
  license: ISC
  size: 159328
  timestamp: 1745260551365
- kind: conda
  name: dart-sass
  version: 1.58.3
  build: h57928b3_1
  build_number: 1
  subdir: win-64
  url: https://conda.anaconda.org/conda-forge/win-64/dart-sass-1.58.3-h57928b3_1.conda
  sha256: b974772f376bea3afc8ecacf916fce3170b02604310c4a1d25fc39f1c44bd532
  md5: 717501926d44c46117979fc54892c560
  license: MIT
  license_family: MIT
  size: 2846260
  timestamp: 1683598954152
- kind: conda
  name: deno
  version: 1.46.3
  build: h8d7d278_0
  subdir: win-64
  url: https://conda.anaconda.org/conda-forge/win-64/deno-1.46.3-h8d7d278_0.conda
  sha256: a87dd9d3a143ca6566279643520b91f1b381369484558b575f26b3c5cdef491d
  md5: b8a93975407a73d2735d4a715497e76a
  depends:
  - ucrt >=10.0.20348.0
  - vc >=14.2,<15
  - vc14_runtime >=14.29.30139
  license: MIT
  license_family: MIT
  size: 39736817
  timestamp: 1726026282966
- kind: conda
  name: deno-dom
  version: 0.1.41
  build: h1a6af48_0
  subdir: win-64
  url: https://conda.anaconda.org/conda-forge/win-64/deno-dom-0.1.41-h1a6af48_0.conda
  sha256: 199ed9fea4d58cea10572cc5a7fb3ad0fbefd189cb785667639dbfc4210ed2ab
  md5: 84bc9003c48bf69d4663b00f692404cb
  depends:
  - deno >=1.24.2
  - ucrt >=10.0.20348.0
  - vc >=14.3,<15
  - vc14_runtime >=14.42.34433
  license: MIT
  license_family: MIT
  size: 294346
  timestamp: 1736703764252
- kind: conda
  name: esbuild
  version: 0.25.3
  build: h57928b3_0
  subdir: win-64
  url: https://conda.anaconda.org/conda-forge/win-64/esbuild-0.25.3-h57928b3_0.conda
  sha256: 0fd2ed3d37ff6adf6be06f6581d6c9b13e76d9e3d6994f2b91fdfda1e7001eb0
  md5: fb4d310930092f5aff8c858ec687be73
  license: MIT
  license_family: MIT
  size: 3878991
  timestamp: 1745523649454
- kind: conda
  name: libexpat
  version: 2.7.0
  build: he0c23c2_0
  subdir: win-64
  url: https://conda.anaconda.org/conda-forge/win-64/libexpat-2.7.0-he0c23c2_0.conda
  sha256: 1a227c094a4e06bd54e8c2f3ec40c17ff99dcf3037d812294f842210aa66dbeb
  md5: b6f5352fdb525662f4169a0431d2dd7a
  depends:
  - ucrt >=10.0.20348.0
  - vc >=14.2,<15
  - vc14_runtime >=14.29.30139
  constrains:
  - expat 2.7.0.*
  license: MIT
  license_family: MIT
  size: 140896
  timestamp: 1743432122520
- kind: conda
  name: libffi
  version: 3.4.6
  build: h537db12_1
  build_number: 1
  subdir: win-64
  url: https://conda.anaconda.org/conda-forge/win-64/libffi-3.4.6-h537db12_1.conda
  sha256: d3b0b8812eab553d3464bbd68204f007f1ebadf96ce30eb0cbc5159f72e353f5
  md5: 85d8fa5e55ed8f93f874b3b23ed54ec6
  depends:
  - ucrt >=10.0.20348.0
  - vc >=14.2,<15
  - vc14_runtime >=14.29.30139
  license: MIT
  license_family: MIT
  size: 44978
  timestamp: 1743435053850
- kind: conda
  name: liblzma
  version: 5.8.1
  build: h2466b09_0
  subdir: win-64
  url: https://conda.anaconda.org/conda-forge/win-64/liblzma-5.8.1-h2466b09_0.conda
  sha256: 1477e9bff05318f3129d37be0e64c76cce0973c4b8c73d13a467d0b7f03d157c
  md5: 8d5cb0016b645d6688e2ff57c5d51302
  depends:
  - ucrt >=10.0.20348.0
  - vc >=14.2,<15
  - vc14_runtime >=14.29.30139
  license: 0BSD
  size: 104682
  timestamp: 1743771561515
- kind: conda
  name: libsqlite
  version: 3.49.1
  build: h67fdade_2
  build_number: 2
  subdir: win-64
  url: https://conda.anaconda.org/conda-forge/win-64/libsqlite-3.49.1-h67fdade_2.conda
  sha256: c092d42d00fd85cf609cc58574ba2b03c141af5762283f36f5dd445ef7c0f4fe
  md5: b58b66d4ad1aaf1c2543cbbd6afb1a59
  depends:
  - ucrt >=10.0.20348.0
  - vc >=14.2,<15
  - vc14_runtime >=14.29.30139
  license: Unlicense
  size: 1081292
  timestamp: 1742083956001
- kind: conda
  name: libzlib
  version: 1.3.1
  build: h2466b09_2
  build_number: 2
  subdir: win-64
  url: https://conda.anaconda.org/conda-forge/win-64/libzlib-1.3.1-h2466b09_2.conda
  sha256: ba945c6493449bed0e6e29883c4943817f7c79cbff52b83360f7b341277c6402
  md5: 41fbfac52c601159df6c01f875de31b9
  depends:
  - ucrt >=10.0.20348.0
  - vc >=14.2,<15
  - vc14_runtime >=14.29.30139
  constrains:
  - zlib 1.3.1 *_2
  license: Zlib
  license_family: Other
  size: 55476
  timestamp: 1727963768015
- kind: conda
  name: openssl
  version: 3.5.0
  build: ha4e3fda_0
  subdir: win-64
  url: https://conda.anaconda.org/conda-forge/win-64/openssl-3.5.0-ha4e3fda_0.conda
  sha256: 43dd7f56da142ca83c614c8b0085589650ae9032b351a901c190e48eefc73675
  md5: 4ea7db75035eb8c13fa680bb90171e08
  depends:
  - ca-certificates
  - ucrt >=10.0.20348.0
  - vc >=14.2,<15
  - vc14_runtime >=14.29.30139
  license: Apache-2.0
  license_family: Apache
  size: 8999138
  timestamp: 1744135594688
- kind: conda
  name: pandoc
  version: '3.4'
  build: h57928b3_0
  subdir: win-64
  url: https://conda.anaconda.org/conda-forge/win-64/pandoc-3.4-h57928b3_0.conda
  sha256: 0560bd53c051dbf02eccde12a3f6ddefb83bc6fc625b3e559838189ec5ae3052
  md5: 88cac28228b54ef26acff986d800f1a5
  license: GPL-2.0-or-later
  license_family: GPL
  size: 24979761
  timestamp: 1726013490362
- kind: conda
  name: pip
  version: 25.0.1
  build: pyh8b19718_0
  subdir: noarch
  noarch: python
  url: https://conda.anaconda.org/conda-forge/noarch/pip-25.0.1-pyh8b19718_0.conda
  sha256: 585940f09d87787f79f73ff5dff8eb2af8a67e5bec5eebf2f553cd26c840ba69
  md5: 79b5c1440aedc5010f687048d9103628
  depends:
  - python >=3.9,<3.13.0a0
  - setuptools
  - wheel
  license: MIT
  license_family: MIT
  size: 1256460
  timestamp: 1739142857253
- kind: conda
  name: python
  version: 3.11.12
  build: h3f84c4b_0_cpython
  subdir: win-64
  url: https://conda.anaconda.org/conda-forge/win-64/python-3.11.12-h3f84c4b_0_cpython.conda
  sha256: 41e1c07eecff9436b9bb27724822229b2da6073af8461ede6c81b508c0677c56
  md5: c1f91331274f591340e2f50e737dfbe9
  depends:
  - bzip2 >=1.0.8,<2.0a0
  - libexpat >=2.7.0,<3.0a0
  - libffi >=3.4.6,<3.5.0a0
  - liblzma >=5.8.1,<6.0a0
  - libsqlite >=3.49.1,<4.0a0
  - libzlib >=1.3.1,<2.0a0
  - openssl >=3.5.0,<4.0a0
  - tk >=8.6.13,<8.7.0a0
  - tzdata
  - ucrt >=10.0.20348.0
  - vc >=14.2,<15
  - vc14_runtime >=14.29.30139
  constrains:
  - python_abi 3.11.* *_cp311
  license: Python-2.0
  size: 18299489
  timestamp: 1744323460367
- kind: conda
  name: quarto
  version: 1.6.43
  build: h57928b3_0
  subdir: win-64
  url: https://conda.anaconda.org/conda-forge/win-64/quarto-1.6.43-h57928b3_0.conda
  sha256: 2caea5b7263590012e4de96e5722b5a2a03add90dd6fc767bc556dff941d0eb8
  md5: 569667709f02431129cbb02abbde93ff
  depends:
  - dart-sass
  - deno >=1.46.3,<1.46.4.0a0
  - deno-dom >=0.1.41,<0.1.42.0a0
  - esbuild
  - pandoc 3.4
  - typst 0.11.0
  license: MIT
  license_family: MIT
  size: 16348806
  timestamp: 1744147136686
- kind: conda
  name: setuptools
  version: 79.0.1
  build: pyhff2d567_0
  subdir: noarch
  noarch: python
  url: https://conda.anaconda.org/conda-forge/noarch/setuptools-79.0.1-pyhff2d567_0.conda
  sha256: 5ebc4bb71fbdc8048b08848519150c8d44b8eb18445711d3258c9d402ba87a2c
  md5: fa6669cc21abd4b7b6c5393b7bc71914
  depends:
  - python >=3.9
  license: MIT
  license_family: MIT
  size: 787541
  timestamp: 1745484086827
- kind: conda
  name: tk
  version: 8.6.13
  build: h5226925_1
  build_number: 1
  subdir: win-64
  url: https://conda.anaconda.org/conda-forge/win-64/tk-8.6.13-h5226925_1.conda
  sha256: 2c4e914f521ccb2718946645108c9bd3fc3216ba69aea20c2c3cedbd8db32bb1
  md5: fc048363eb8f03cd1737600a5d08aafe
  depends:
  - ucrt >=10.0.20348.0
  - vc >=14.2,<15
  - vc14_runtime >=14.29.30139
  license: TCL
  license_family: BSD
  size: 3503410
  timestamp: 1699202577803
- kind: conda
  name: typst
  version: 0.11.0
  build: h975169c_0
  subdir: win-64
  url: https://conda.anaconda.org/conda-forge/win-64/typst-0.11.0-h975169c_0.conda
  sha256: 5407408f416421ff1e503a0ddb9e6a1fac76a2a580f2f21113a6c3bdbaa8ebc6
  md5: 0b3c49a8651b4036179ca4088b84d1ea
  depends:
  - ucrt >=10.0.20348.0
  - vc >=14.2,<15
  - vc14_runtime >=14.29.30139
  license: Apache-2.0
  license_family: Apache
  size: 11567396
  timestamp: 1710534017394
- kind: conda
  name: tzdata
  version: 2025b
  build: h78e105d_0
  subdir: noarch
  noarch: generic
  url: https://conda.anaconda.org/conda-forge/noarch/tzdata-2025b-h78e105d_0.conda
  sha256: 5aaa366385d716557e365f0a4e9c3fca43ba196872abbbe3d56bb610d131e192
  md5: 4222072737ccff51314b5ece9c7d6f5a
  license: LicenseRef-Public-Domain
  size: 122968
  timestamp: 1742727099393
- kind: conda
  name: ucrt
  version: 10.0.22621.0
  build: h57928b3_1
  build_number: 1
  subdir: win-64
  url: https://conda.anaconda.org/conda-forge/win-64/ucrt-10.0.22621.0-h57928b3_1.conda
  sha256: db8dead3dd30fb1a032737554ce91e2819b43496a0db09927edf01c32b577450
  md5: 6797b005cd0f439c4c5c9ac565783700
  constrains:
  - vs2015_runtime >=14.29.30037
  license: LicenseRef-MicrosoftWindowsSDK10
  size: 559710
  timestamp: 1728377334097
- kind: conda
  name: uv
  version: 0.6.16
  build: ha08ef0e_0
  subdir: win-64
  url: https://conda.anaconda.org/conda-forge/win-64/uv-0.6.16-ha08ef0e_0.conda
  sha256: 3df4e8a3a3401388a1438fda5536197d9ff11a2aa67070674da3b0d00e916673
  md5: 2bef86a98b399d6bb4a885906135dfc1
  depends:
  - ucrt >=10.0.20348.0
  - vc >=14.2,<15
  - vc14_runtime >=14.29.30139
  license: Apache-2.0 OR MIT
  size: 12844403
  timestamp: 1745317918475
- kind: conda
  name: vc
  version: '14.3'
  build: h2b53caa_26
  build_number: 26
  subdir: win-64
  url: https://conda.anaconda.org/conda-forge/win-64/vc-14.3-h2b53caa_26.conda
  sha256: 7a685b5c37e9713fa314a0d26b8b1d7a2e6de5ab758698199b5d5b6dba2e3ce1
  md5: d3f0381e38093bde620a8d85f266ae55
  depends:
  - vc14_runtime >=14.42.34433
  track_features:
  - vc14
  license: BSD-3-Clause
  license_family: BSD
  size: 17893
  timestamp: 1743195261486
- kind: conda
  name: vc14_runtime
  version: 14.42.34438
  build: hfd919c2_26
  build_number: 26
  subdir: win-64
  url: https://conda.anaconda.org/conda-forge/win-64/vc14_runtime-14.42.34438-hfd919c2_26.conda
  sha256: 30dcb71bb166e351aadbdc18f1718757c32cdaa0e1e5d9368469ee44f6bf4709
  md5: 91651a36d31aa20c7ba36299fb7068f4
  depends:
  - ucrt >=10.0.20348.0
  constrains:
  - vs2015_runtime 14.42.34438.* *_26
  license: LicenseRef-MicrosoftVisualCpp2015-2022Runtime
  license_family: Proprietary
  size: 750733
  timestamp: 1743195092905
- kind: conda
  name: wheel
  version: 0.45.1
  build: pyhd8ed1ab_1
  build_number: 1
  subdir: noarch
  noarch: python
  url: https://conda.anaconda.org/conda-forge/noarch/wheel-0.45.1-pyhd8ed1ab_1.conda
  sha256: 1b34021e815ff89a4d902d879c3bd2040bc1bd6169b32e9427497fa05c55f1ce
  md5: 75cb7132eb58d97896e173ef12ac9986
  depends:
  - python >=3.9
  license: MIT
  license_family: MIT
  size: 62931
  timestamp: 1733130309598
